
Microsoft Visual Studio Solution File, Format Version 12.00
# Visual Studio Version 17
VisualStudioVersion = 17.9.34728.123
MinimumVisualStudioVersion = 10.0.40219.1
Project("{FAE04EC0-301F-11D3-BF4B-00C04F79EFBC}") = "EntityAspProje", "EntityAspProje\EntityAspProje.csproj", "{0E40D66E-53DE-40B0-91D3-222C189BDD23}"
EndProject
Global
	GlobalSection(SolutionConfigurationPlatforms) = preSolution
		Debug|Any CPU = Debug|Any CPU
		Release|Any CPU = Release|Any CPU
	EndGlobalSection
	GlobalSection(ProjectConfigurationPlatforms) = postSolution
		{0E40D66E-53DE-40B0-91D3-222C189BDD23}.Debug|Any CPU.ActiveCfg = Debug|Any CPU
		{0E40D66E-53DE-40B0-91D3-222C189BDD23}.Debug|Any CPU.Build.0 = Debug|Any CPU
		{0E40D66E-53DE-40B0-91D3-222C189BDD23}.Release|Any CPU.ActiveCfg = Release|Any CPU
		{0E40D66E-53DE-40B0-91D3-222C189BDD23}.Release|Any CPU.Build.0 = Release|Any CPU
	EndGlobalSection
	GlobalSection(SolutionProperties) = preSolution
		HideSolutionNode = FALSE
	EndGlobalSection
	GlobalSection(ExtensibilityGlobals) = postSolution
		SolutionGuid = {BE542E12-D8FA-45B5-BC7F-F0C04F289286}
	EndGlobalSection
EndGlobal
